
Microsoft Visual Studio Solution File, Format Version 12.00
# Visual Studio Version 16
VisualStudioVersion = 16.0.29905.134
MinimumVisualStudioVersion = 10.0.40219.1
Project("{FAE04EC0-301F-11D3-BF4B-00C04F79EFBC}") = "Dólar", "Dólar\Dólar.csproj", "{C402CA50-189E-429F-91DB-4EB3ECF21136}"
EndProject
Global
	GlobalSection(SolutionConfigurationPlatforms) = preSolution
		Debug|Any CPU = Debug|Any CPU
		Release|Any CPU = Release|Any CPU
	EndGlobalSection
	GlobalSection(ProjectConfigurationPlatforms) = postSolution
		{C402CA50-189E-429F-91DB-4EB3ECF21136}.Debug|Any CPU.ActiveCfg = Debug|Any CPU
		{C402CA50-189E-429F-91DB-4EB3ECF21136}.Debug|Any CPU.Build.0 = Debug|Any CPU
		{C402CA50-189E-429F-91DB-4EB3ECF21136}.Release|Any CPU.ActiveCfg = Release|Any CPU
		{C402CA50-189E-429F-91DB-4EB3ECF21136}.Release|Any CPU.Build.0 = Release|Any CPU
	EndGlobalSection
	GlobalSection(SolutionProperties) = preSolution
		HideSolutionNode = FALSE
	EndGlobalSection
	GlobalSection(ExtensibilityGlobals) = postSolution
		SolutionGuid = {0ACBF2E0-419B-4C3D-A480-CF1A01A01FE1}
	EndGlobalSection
EndGlobal
